{
  "name": "proyecto-clase-3.5.3-ej-1-legajo-alumnos",
  "version": "1.0.0",
  "lockfileVersion": 1,
  "requires": true,
  "dependencies": {
    "@types/node": {
      "version": "12.7.1",
      "resolved": "https://registry.npmjs.org/@types/node/-/node-12.7.1.tgz",
      "integrity": "sha512-aK9jxMypeSrhiYofWWBf/T7O+KwaiAHzM4sveCdWPn71lzUSMimRnKzhXDKfKwV1kWoBo2P1aGgaIYGLf9/ljw=="
    },
    "readline-sync": {
      "version": "1.4.10",
      "resolved": "https://registry.npmjs.org/readline-sync/-/readline-sync-1.4.10.tgz",
      "integrity": "sha512-gNva8/6UAe8QYepIQH/jQ2qn91Qj0B9sYjMBBs3QOB8F2CXcKgLxQaJRP76sWVRQt+QU+8fAkCbCvjjMFu7Ycw=="
    }
  }
}
